
Microsoft Visual Studio Solution File, Format Version 12.00
Project("{FAE04EC0-301F-11D3-BF4B-00C04F79EFBC}") = "ZeroAllocSPSCDemo", "ZeroAllocSPSCDemo\ZeroAllocSPSCDemo.csproj", "{1BDECE90-E0CD-4946-A6BD-EFBB91CE2A38}"
EndProject
Project("{FAE04EC0-301F-11D3-BF4B-00C04F79EFBC}") = "ConcurrencyParallelDemo", "ConcurrencyParallelDemo\ConcurrencyParallelDemo.csproj", "{341826D6-1D34-4662-841A-3451870E3F17}"
EndProject
Global
	GlobalSection(SolutionConfigurationPlatforms) = preSolution
		Debug|Any CPU = Debug|Any CPU
		Release|Any CPU = Release|Any CPU
	EndGlobalSection
	GlobalSection(ProjectConfigurationPlatforms) = postSolution
		{1BDECE90-E0CD-4946-A6BD-EFBB91CE2A38}.Debug|Any CPU.ActiveCfg = Debug|Any CPU
		{1BDECE90-E0CD-4946-A6BD-EFBB91CE2A38}.Debug|Any CPU.Build.0 = Debug|Any CPU
		{1BDECE90-E0CD-4946-A6BD-EFBB91CE2A38}.Release|Any CPU.ActiveCfg = Release|Any CPU
		{1BDECE90-E0CD-4946-A6BD-EFBB91CE2A38}.Release|Any CPU.Build.0 = Release|Any CPU
		{341826D6-1D34-4662-841A-3451870E3F17}.Debug|Any CPU.ActiveCfg = Debug|Any CPU
		{341826D6-1D34-4662-841A-3451870E3F17}.Debug|Any CPU.Build.0 = Debug|Any CPU
		{341826D6-1D34-4662-841A-3451870E3F17}.Release|Any CPU.ActiveCfg = Release|Any CPU
		{341826D6-1D34-4662-841A-3451870E3F17}.Release|Any CPU.Build.0 = Release|Any CPU
	EndGlobalSection
EndGlobal
